
Microsoft Visual Studio Solution File, Format Version 12.00
# Visual Studio Version 16
VisualStudioVersion = 16.0.31515.178
MinimumVisualStudioVersion = 10.0.40219.1
Project("{FAE04EC0-301F-11D3-BF4B-00C04F79EFBC}") = "Log$Net_Dem0", "Log$Net_Dem0\Log$Net_Dem0.csproj", "{561B9573-EE50-49CA-A24B-A010ADAB30BC}"
EndProject
Global
	GlobalSection(SolutionConfigurationPlatforms) = preSolution
		Debug|Any CPU = Debug|Any CPU
		Release|Any CPU = Release|Any CPU
	EndGlobalSection
	GlobalSection(ProjectConfigurationPlatforms) = postSolution
		{561B9573-EE50-49CA-A24B-A010ADAB30BC}.Debug|Any CPU.ActiveCfg = Debug|Any CPU
		{561B9573-EE50-49CA-A24B-A010ADAB30BC}.Debug|Any CPU.Build.0 = Debug|Any CPU
		{561B9573-EE50-49CA-A24B-A010ADAB30BC}.Release|Any CPU.ActiveCfg = Release|Any CPU
		{561B9573-EE50-49CA-A24B-A010ADAB30BC}.Release|Any CPU.Build.0 = Release|Any CPU
	EndGlobalSection
	GlobalSection(SolutionProperties) = preSolution
		HideSolutionNode = FALSE
	EndGlobalSection
	GlobalSection(ExtensibilityGlobals) = postSolution
		SolutionGuid = {28256C1C-6CC9-4319-8086-3EA418CEBFAE}
	EndGlobalSection
EndGlobal
